
Microsoft Visual Studio Solution File, Format Version 12.00
# Visual Studio Version 17
VisualStudioVersion = 17.5.002.0
MinimumVisualStudioVersion = 10.0.40219.1
Project("{9A19103F-16F7-4668-BE54-9A1E7A4F7556}") = "GloriaFestasCatalogo.Client", "Client\GloriaFestasCatalogo.Client.csproj", "{EC3B66D1-2FE8-44CD-BC5B-A94F7D5BB62C}"
EndProject
Project("{9A19103F-16F7-4668-BE54-9A1E7A4F7556}") = "GloriaFestasCatalogo.Shared", "Shared\GloriaFestasCatalogo.Shared.csproj", "{93D14F25-8206-4C9B-AD3C-CC8F5AA7C0C9}"
EndProject
Project("{9A19103F-16F7-4668-BE54-9A1E7A4F7556}") = "GloriaFestasCatalogo.Server", "Server\GloriaFestasCatalogo.Server.csproj", "{7CA6310D-8F1F-40B6-80AF-59C72FCB18B5}"
EndProject
Global
	GlobalSection(SolutionConfigurationPlatforms) = preSolution
		Debug|Any CPU = Debug|Any CPU
		Release|Any CPU = Release|Any CPU
	EndGlobalSection
	GlobalSection(ProjectConfigurationPlatforms) = postSolution
		{EC3B66D1-2FE8-44CD-BC5B-A94F7D5BB62C}.Debug|Any CPU.ActiveCfg = Debug|Any CPU
		{EC3B66D1-2FE8-44CD-BC5B-A94F7D5BB62C}.Debug|Any CPU.Build.0 = Debug|Any CPU
		{EC3B66D1-2FE8-44CD-BC5B-A94F7D5BB62C}.Release|Any CPU.ActiveCfg = Release|Any CPU
		{EC3B66D1-2FE8-44CD-BC5B-A94F7D5BB62C}.Release|Any CPU.Build.0 = Release|Any CPU
		{93D14F25-8206-4C9B-AD3C-CC8F5AA7C0C9}.Debug|Any CPU.ActiveCfg = Debug|Any CPU
		{93D14F25-8206-4C9B-AD3C-CC8F5AA7C0C9}.Debug|Any CPU.Build.0 = Debug|Any CPU
		{93D14F25-8206-4C9B-AD3C-CC8F5AA7C0C9}.Release|Any CPU.ActiveCfg = Release|Any CPU
		{93D14F25-8206-4C9B-AD3C-CC8F5AA7C0C9}.Release|Any CPU.Build.0 = Release|Any CPU
		{7CA6310D-8F1F-40B6-80AF-59C72FCB18B5}.Debug|Any CPU.ActiveCfg = Debug|Any CPU
		{7CA6310D-8F1F-40B6-80AF-59C72FCB18B5}.Debug|Any CPU.Build.0 = Debug|Any CPU
		{7CA6310D-8F1F-40B6-80AF-59C72FCB18B5}.Release|Any CPU.ActiveCfg = Release|Any CPU
		{7CA6310D-8F1F-40B6-80AF-59C72FCB18B5}.Release|Any CPU.Build.0 = Release|Any CPU
	EndGlobalSection
	GlobalSection(SolutionProperties) = preSolution
		HideSolutionNode = FALSE
	EndGlobalSection
	GlobalSection(ExtensibilityGlobals) = postSolution
		SolutionGuid = {B72F57D2-B961-4189-814F-4DD94774956E}
	EndGlobalSection
EndGlobal
